github.com/BotSpace/botmodule-go v0.5.2 h1:LVjqHO935HQklYPcRcRssAD6KkbctBLJkl5vHdH4irE=
github.com/BotSpace/botmodule-go v0.5.2/go.mod h1:f9UDus3anqsGg9LjtjBCtQJg07CicMSB2LWYxpiOQ/g=
github.com/BotSpace/botmodule-go v0.5.3 h1:cTjQvCDLyl5pQK5EfeqAyah8aW+q7i6gQxCKtnxJr/Q=
github.com/BotSpace/botmodule-go v0.5.3/go.mod h1:f9UDus3anqsGg9LjtjBCtQJg07CicMSB2LWYxpiOQ/g=
